
Microsoft Visual Studio Solution File, Format Version 12.00
# Visual Studio Version 17
VisualStudioVersion = 17.9.34723.18
MinimumVisualStudioVersion = 10.0.40219.1
Project("{9A19103F-16F7-4668-BE54-9A1E7A4F7556}") = "OceanGuard", "OceanGuard\OceanGuard.csproj", "{5A1C352B-31C7-4C16-B31D-1A158764B071}"
EndProject
Global
	GlobalSection(SolutionConfigurationPlatforms) = preSolution
		Debug|Any CPU = Debug|Any CPU
		Release|Any CPU = Release|Any CPU
	EndGlobalSection
	GlobalSection(ProjectConfigurationPlatforms) = postSolution
		{5A1C352B-31C7-4C16-B31D-1A158764B071}.Debug|Any CPU.ActiveCfg = Debug|Any CPU
		{5A1C352B-31C7-4C16-B31D-1A158764B071}.Debug|Any CPU.Build.0 = Debug|Any CPU
		{5A1C352B-31C7-4C16-B31D-1A158764B071}.Release|Any CPU.ActiveCfg = Release|Any CPU
		{5A1C352B-31C7-4C16-B31D-1A158764B071}.Release|Any CPU.Build.0 = Release|Any CPU
	EndGlobalSection
	GlobalSection(SolutionProperties) = preSolution
		HideSolutionNode = FALSE
	EndGlobalSection
	GlobalSection(ExtensibilityGlobals) = postSolution
		SolutionGuid = {AAAC68B4-F35D-4193-AC8E-9C479C50603B}
	EndGlobalSection
EndGlobal
